<?xml version="1.0" encoding="utf-8"?>
<Project ToolsVersion="4.0" xmlns="http://schemas.microsoft.com/developer/msbuild/2003">
  <ItemGroup>
    <Filter Include="Source Files">
      <UniqueIdentifier>{4FC737F1-C7A5-4376-A066-2A32D752A2FF}</UniqueIdentifier>
      <Extensions>cpp;c;cc;cxx;def;odl;idl;hpj;bat;asm;asmx</Extensions>
    </Filter>
    <Filter Include="Header Files">
      <UniqueIdentifier>{93995380-89BD-4b04-88EB-625FBE52EBFB}</UniqueIdentifier>
      <Extensions>h;hh;hpp;hxx;hm;inl;inc;xsd</Extensions>
    </Filter>
    <Filter Include="Resource Files">
      <UniqueIdentifier>{67DA6AB6-F800-4c08-8B7A-83BB121AAD01}</UniqueIdentifier>
      <Extensions>rc;ico;cur;bmp;dlg;rc2;rct;bin;rgs;gif;jpg;jpeg;jpe;resx;tiff;tif;png;wav;mfcribbon-ms</Extensions>
    </Filter>
  </ItemGroup>
  <ItemGroup>
    <ClCompile Include="DemoApp.cpp">
      <Filter>Source Files</Filter>
    </ClCompile>
    <ClCompile Include="main.cpp">
      <Filter>Source Files</Filter>
    </ClCompile>
  </ItemGroup>
  <ItemGroup>
    <ClInclude Include="DemoApp.h">
      <Filter>Header Files</Filter>
    </ClInclude>
  </ItemGroup>
  <ItemGroup>
    <None Include="..\Shaders\imgFragmentShader.fs">
      <Filter>Resource Files</Filter>
    </None>
    <None Include="..\Shaders\imgVertexShader.vs">
      <Filter>Resource Files</Filter>
    </None>
    <None Include="..\Shaders\colourFragmentShader.fs">
      <Filter>Resource Files</Filter>
    </None>
    <None Include="..\Shaders\colourVertexShader.vs">
      <Filter>Resource Files</Filter>
    </None>
    <None Include="..\Shaders\cubemapFragmentShader.fs">
      <Filter>Resource Files</Filter>
    </None>
    <None Include="..\Shaders\cubemapVertexShader.vs">
      <Filter>Resource Files</Filter>
    </None>
    <None Include="..\Shaders\reflectFragmentShader.fs">
      <Filter>Resource Files</Filter>
    </None>
    <None Include="..\Shaders\reflectVertexShader.vs">
      <Filter>Resource Files</Filter>
    </None>
    <None Include="..\Shaders\clay.fs">
      <Filter>Resource Files</Filter>
    </None>
    <None Include="..\Shaders\clay.vs">
      <Filter>Resource Files</Filter>
    </None>
    <None Include="..\Shaders\colourNoLight.fs">
      <Filter>Resource Files</Filter>
    </None>
    <None Include="..\Shaders\colourNoLight.vs">
      <Filter>Resource Files</Filter>
    </None>
    <None Include="..\Shaders\defaultImageNormals.fs">
      <Filter>Resource Files</Filter>
    </None>
    <None Include="..\Shaders\defaultImageNormals.vs">
      <Filter>Resource Files</Filter>
    </None>
    <None Include="..\Shaders\defaultShadow.fs">
      <Filter>Resource Files</Filter>
    </None>
    <None Include="..\Shaders\defaultShadow.vs">
      <Filter>Resource Files</Filter>
    </None>
    <None Include="..\Shaders\fragmentShaderSource.fs">
      <Filter>Resource Files</Filter>
    </None>
    <None Include="..\Shaders\glslangValidator.exe">
      <Filter>Resource Files</Filter>
    </None>
    <None Include="..\Shaders\lowDetailImage">
      <Filter>Resource Files</Filter>
    </None>
    <None Include="..\Shaders\lowDetailImage.fs">
      <Filter>Resource Files</Filter>
    </None>
    <None Include="..\Shaders\lowDetailImage.vs">
      <Filter>Resource Files</Filter>
    </None>
    <None Include="..\Shaders\lowDetailModel.fs">
      <Filter>Resource Files</Filter>
    </None>
    <None Include="..\Shaders\lowDetailModel.vs">
      <Filter>Resource Files</Filter>
    </None>
    <None Include="..\Shaders\model.fs">
      <Filter>Resource Files</Filter>
    </None>
    <None Include="..\Shaders\model.vs">
      <Filter>Resource Files</Filter>
    </None>
    <None Include="..\Shaders\modelNormals.fs">
      <Filter>Resource Files</Filter>
    </None>
    <None Include="..\Shaders\modelNormals.vs">
      <Filter>Resource Files</Filter>
    </None>
    <None Include="..\Shaders\refract.fs">
      <Filter>Resource Files</Filter>
    </None>
    <None Include="..\Shaders\refract.vs">
      <Filter>Resource Files</Filter>
    </None>
    <None Include="..\Shaders\screen.fs">
      <Filter>Resource Files</Filter>
    </None>
    <None Include="..\Shaders\screen.vs">
      <Filter>Resource Files</Filter>
    </None>
    <None Include="..\Shaders\shadowDebug.fs">
      <Filter>Resource Files</Filter>
    </None>
    <None Include="..\Shaders\shadowDebug.vs">
      <Filter>Resource Files</Filter>
    </None>
    <None Include="..\Shaders\terrain.fs">
      <Filter>Resource Files</Filter>
    </None>
    <None Include="..\Shaders\terrain.vs">
      <Filter>Resource Files</Filter>
    </None>
    <None Include="..\Shaders\vertexShaderSource.vs">
      <Filter>Resource Files</Filter>
    </None>
    <None Include="..\Shaders\screenHDRExposure.fs">
      <Filter>Resource Files</Filter>
    </None>
    <None Include="..\Shaders\screenHDR.fs">
      <Filter>Resource Files</Filter>
    </None>
    <None Include="..\Shaders\gaussianBlur.vs">
      <Filter>Resource Files</Filter>
    </None>
    <None Include="..\Shaders\gaussianBlur.fs">
      <Filter>Resource Files</Filter>
    </None>
  </ItemGroup>
</Project>